// !$*UTF8*$!
{
	archiveVersion = 1;
	classes = {
	};
	objectVersion = 46;
	objects = {

/* Begin PBXBuildFile section */
		24233C1A1AA5AD28009B7589 /* MentionsViewController.m in Sources */ = {isa = PBXBuildFile; fileRef = 24233C181AA5AD28009B7589 /* MentionsViewController.m */; };
		24233C1B1AA5AD28009B7589 /* MentionsViewController.xib in Resources */ = {isa = PBXBuildFile; fileRef = 24233C191AA5AD28009B7589 /* MentionsViewController.xib */; };
		24233C1D1AA5B4EE009B7589 /* README_redux.md in Sources */ = {isa = PBXBuildFile; fileRef = 24233C1C1AA5B4EE009B7589 /* README_redux.md */; };
		242361241A9C2BE0009AE8A6 /* favorite_hover.png in Resources */ = {isa = PBXBuildFile; fileRef = 2423611C1A9C2BE0009AE8A6 /* favorite_hover.png */; };
		242361251A9C2BE0009AE8A6 /* favorite_on.png in Resources */ = {isa = PBXBuildFile; fileRef = 2423611D1A9C2BE0009AE8A6 /* favorite_on.png */; };
		242361261A9C2BE0009AE8A6 /* favorite.png in Resources */ = {isa = PBXBuildFile; fileRef = 2423611E1A9C2BE0009AE8A6 /* favorite.png */; };
		242361271A9C2BE0009AE8A6 /* reply_hover.png in Resources */ = {isa = PBXBuildFile; fileRef = 2423611F1A9C2BE0009AE8A6 /* reply_hover.png */; };
		242361281A9C2BE0009AE8A6 /* reply.png in Resources */ = {isa = PBXBuildFile; fileRef = 242361201A9C2BE0009AE8A6 /* reply.png */; };
		242361291A9C2BE0009AE8A6 /* retweet_hover.png in Resources */ = {isa = PBXBuildFile; fileRef = 242361211A9C2BE0009AE8A6 /* retweet_hover.png */; };
		2423612A1A9C2BE0009AE8A6 /* retweet_on.png in Resources */ = {isa = PBXBuildFile; fileRef = 242361221A9C2BE0009AE8A6 /* retweet_on.png */; };
		2423612B1A9C2BE0009AE8A6 /* retweet.png in Resources */ = {isa = PBXBuildFile; fileRef = 242361231A9C2BE0009AE8A6 /* retweet.png */; };
		242361301A9C2F28009AE8A6 /* SingleTweetViewController.m in Sources */ = {isa = PBXBuildFile; fileRef = 2423612E1A9C2F28009AE8A6 /* SingleTweetViewController.m */; };
		242361311A9C2F28009AE8A6 /* SingleTweetViewController.xib in Resources */ = {isa = PBXBuildFile; fileRef = 2423612F1A9C2F28009AE8A6 /* SingleTweetViewController.xib */; };
		242361351A9C3572009AE8A6 /* composerViewController.m in Sources */ = {isa = PBXBuildFile; fileRef = 242361331A9C3572009AE8A6 /* composerViewController.m */; };
		242361361A9C3572009AE8A6 /* composerViewController.xib in Resources */ = {isa = PBXBuildFile; fileRef = 242361341A9C3572009AE8A6 /* composerViewController.xib */; };
		249AFCF11A9AB76300D0D354 /* LoginViewController.m in Sources */ = {isa = PBXBuildFile; fileRef = 249AFCEF1A9AB76300D0D354 /* LoginViewController.m */; };
		249AFCF21A9AB76300D0D354 /* LoginViewController.xib in Resources */ = {isa = PBXBuildFile; fileRef = 249AFCF01A9AB76300D0D354 /* LoginViewController.xib */; };
		249AFCF51A9AB7E600D0D354 /* TwitterClient.m in Sources */ = {isa = PBXBuildFile; fileRef = 249AFCF41A9AB7E600D0D354 /* TwitterClient.m */; };
		24A048C21AA5808100611E72 /* ProfileViewController.m in Sources */ = {isa = PBXBuildFile; fileRef = 24A048C01AA5808100611E72 /* ProfileViewController.m */; };
		24A048C31AA5808100611E72 /* ProfileViewController.xib in Resources */ = {isa = PBXBuildFile; fileRef = 24A048C11AA5808100611E72 /* ProfileViewController.xib */; };
		24A5105F1A9AB672001A9226 /* main.m in Sources */ = {isa = PBXBuildFile; fileRef = 24A5105E1A9AB672001A9226 /* main.m */; };
		24A510621A9AB672001A9226 /* AppDelegate.m in Sources */ = {isa = PBXBuildFile; fileRef = 24A510611A9AB672001A9226 /* AppDelegate.m */; };
		24A5106A1A9AB672001A9226 /* Images.xcassets in Resources */ = {isa = PBXBuildFile; fileRef = 24A510691A9AB672001A9226 /* Images.xcassets */; };
		24A5106D1A9AB672001A9226 /* LaunchScreen.xib in Resources */ = {isa = PBXBuildFile; fileRef = 24A5106B1A9AB672001A9226 /* LaunchScreen.xib */; };
		24A510791A9AB672001A9226 /* TwitterTests.m in Sources */ = {isa = PBXBuildFile; fileRef = 24A510781A9AB672001A9226 /* TwitterTests.m */; };
		24CA36E71AA2E4FB00C47C05 /* MenuCell.m in Sources */ = {isa = PBXBuildFile; fileRef = 24CA36E51AA2E4FB00C47C05 /* MenuCell.m */; };
		24CA36E81AA2E4FB00C47C05 /* MenuCell.xib in Resources */ = {isa = PBXBuildFile; fileRef = 24CA36E61AA2E4FB00C47C05 /* MenuCell.xib */; };
		24CA36F11AA430C300C47C05 /* MainViewController.m in Sources */ = {isa = PBXBuildFile; fileRef = 24CA36EF1AA430C300C47C05 /* MainViewController.m */; };
		24CA36F21AA430C300C47C05 /* MainViewController.xib in Resources */ = {isa = PBXBuildFile; fileRef = 24CA36F01AA430C300C47C05 /* MainViewController.xib */; };
		24CA36F61AA451BC00C47C05 /* ProfileCell.m in Sources */ = {isa = PBXBuildFile; fileRef = 24CA36F41AA451BC00C47C05 /* ProfileCell.m */; };
		24CA36F71AA451BC00C47C05 /* ProfileCell.xib in Resources */ = {isa = PBXBuildFile; fileRef = 24CA36F51AA451BC00C47C05 /* ProfileCell.xib */; };
		24E9A0701A9AC48A0018E5FB /* Tweet.m in Sources */ = {isa = PBXBuildFile; fileRef = 24E9A06F1A9AC48A0018E5FB /* Tweet.m */; };
		24E9A0731A9AC4930018E5FB /* User.m in Sources */ = {isa = PBXBuildFile; fileRef = 24E9A0721A9AC4930018E5FB /* User.m */; };
		24E9A0771A9AE84D0018E5FB /* TweetViewController.m in Sources */ = {isa = PBXBuildFile; fileRef = 24E9A0751A9AE84D0018E5FB /* TweetViewController.m */; };
		24E9A0781A9AE84D0018E5FB /* TweetViewController.xib in Resources */ = {isa = PBXBuildFile; fileRef = 24E9A0761A9AE84D0018E5FB /* TweetViewController.xib */; };
		24E9A07D1A9AFEDF0018E5FB /* TweetCell.m in Sources */ = {isa = PBXBuildFile; fileRef = 24E9A07B1A9AFEDF0018E5FB /* TweetCell.m */; };
		24E9A07E1A9AFEDF0018E5FB /* TweetCell.xib in Resources */ = {isa = PBXBuildFile; fileRef = 24E9A07C1A9AFEDF0018E5FB /* TweetCell.xib */; };
		866D315C1D4368BA9D20BC48 /* libPods.a in Frameworks */ = {isa = PBXBuildFile; fileRef = 18E6F2A5741E23FB47D71C5B /* libPods.a */; };
/* End PBXBuildFile section */

/* Begin PBXContainerItemProxy section */
		24A510731A9AB672001A9226 /* PBXContainerItemProxy */ = {
			isa = PBXContainerItemProxy;
			containerPortal = 24A510511A9AB672001A9226 /* Project object */;
			proxyType = 1;
			remoteGlobalIDString = 24A510581A9AB672001A9226;
			remoteInfo = Twitter;
		};
/* End PBXContainerItemProxy section */

/* Begin PBXFileReference section */
		18E6F2A5741E23FB47D71C5B /* libPods.a */ = {isa = PBXFileReference; explicitFileType = archive.ar; includeInIndex = 0; path = libPods.a; sourceTree = BUILT_PRODUCTS_DIR; };
		24233C171AA5AD28009B7589 /* MentionsViewController.h */ = {isa = PBXFileReference; fileEncoding = 4; lastKnownFileType = sourcecode.c.h; path = MentionsViewController.h; sourceTree = "<group>"; };
		24233C181AA5AD28009B7589 /* MentionsViewController.m */ = {isa = PBXFileReference; fileEncoding = 4; lastKnownFileType = sourcecode.c.objc; path = MentionsViewController.m; sourceTree = "<group>"; };
		24233C191AA5AD28009B7589 /* MentionsViewController.xib */ = {isa = PBXFileReference; fileEncoding = 4; lastKnownFileType = file.xib; path = MentionsViewController.xib; sourceTree = "<group>"; };
		24233C1C1AA5B4EE009B7589 /* README_redux.md */ = {isa = PBXFileReference; fileEncoding = 4; lastKnownFileType = net.daringfireball.markdown; path = README_redux.md; sourceTree = "<group>"; };
		2423611C1A9C2BE0009AE8A6 /* favorite_hover.png */ = {isa = PBXFileReference; lastKnownFileType = image.png; path = favorite_hover.png; sourceTree = "<group>"; };
		2423611D1A9C2BE0009AE8A6 /* favorite_on.png */ = {isa = PBXFileReference; lastKnownFileType = image.png; path = favorite_on.png; sourceTree = "<group>"; };
		2423611E1A9C2BE0009AE8A6 /* favorite.png */ = {isa = PBXFileReference; lastKnownFileType = image.png; path = favorite.png; sourceTree = "<group>"; };
		2423611F1A9C2BE0009AE8A6 /* reply_hover.png */ = {isa = PBXFileReference; lastKnownFileType = image.png; path = reply_hover.png; sourceTree = "<group>"; };
		242361201A9C2BE0009AE8A6 /* reply.png */ = {isa = PBXFileReference; lastKnownFileType = image.png; path = reply.png; sourceTree = "<group>"; };
		242361211A9C2BE0009AE8A6 /* retweet_hover.png */ = {isa = PBXFileReference; lastKnownFileType = image.png; path = retweet_hover.png; sourceTree = "<group>"; };
		242361221A9C2BE0009AE8A6 /* retweet_on.png */ = {isa = PBXFileReference; lastKnownFileType = image.png; path = retweet_on.png; sourceTree = "<group>"; };
		242361231A9C2BE0009AE8A6 /* retweet.png */ = {isa = PBXFileReference; lastKnownFileType = image.png; path = retweet.png; sourceTree = "<group>"; };
		2423612D1A9C2F28009AE8A6 /* SingleTweetViewController.h */ = {isa = PBXFileReference; fileEncoding = 4; lastKnownFileType = sourcecode.c.h; path = SingleTweetViewController.h; sourceTree = "<group>"; };
		2423612E1A9C2F28009AE8A6 /* SingleTweetViewController.m */ = {isa = PBXFileReference; fileEncoding = 4; lastKnownFileType = sourcecode.c.objc; path = SingleTweetViewController.m; sourceTree = "<group>"; };
		2423612F1A9C2F28009AE8A6 /* SingleTweetViewController.xib */ = {isa = PBXFileReference; fileEncoding = 4; lastKnownFileType = file.xib; path = SingleTweetViewController.xib; sourceTree = "<group>"; };
		242361321A9C3572009AE8A6 /* composerViewController.h */ = {isa = PBXFileReference; fileEncoding = 4; lastKnownFileType = sourcecode.c.h; path = composerViewController.h; sourceTree = "<group>"; };
		242361331A9C3572009AE8A6 /* composerViewController.m */ = {isa = PBXFileReference; fileEncoding = 4; lastKnownFileType = sourcecode.c.objc; path = composerViewController.m; sourceTree = "<group>"; };
		242361341A9C3572009AE8A6 /* composerViewController.xib */ = {isa = PBXFileReference; fileEncoding = 4; lastKnownFileType = file.xib; path = composerViewController.xib; sourceTree = "<group>"; };
		249AFCEE1A9AB76300D0D354 /* LoginViewController.h */ = {isa = PBXFileReference; fileEncoding = 4; lastKnownFileType = sourcecode.c.h; path = LoginViewController.h; sourceTree = "<group>"; };
		249AFCEF1A9AB76300D0D354 /* LoginViewController.m */ = {isa = PBXFileReference; fileEncoding = 4; lastKnownFileType = sourcecode.c.objc; path = LoginViewController.m; sourceTree = "<group>"; };
		249AFCF01A9AB76300D0D354 /* LoginViewController.xib */ = {isa = PBXFileReference; fileEncoding = 4; lastKnownFileType = file.xib; path = LoginViewController.xib; sourceTree = "<group>"; };
		249AFCF31A9AB7E600D0D354 /* TwitterClient.h */ = {isa = PBXFileReference; fileEncoding = 4; lastKnownFileType = sourcecode.c.h; path = TwitterClient.h; sourceTree = "<group>"; };
		249AFCF41A9AB7E600D0D354 /* TwitterClient.m */ = {isa = PBXFileReference; fileEncoding = 4; lastKnownFileType = sourcecode.c.objc; path = TwitterClient.m; sourceTree = "<group>"; };
		24A048BF1AA5808100611E72 /* ProfileViewController.h */ = {isa = PBXFileReference; fileEncoding = 4; lastKnownFileType = sourcecode.c.h; name = ProfileViewController.h; path = ../ProfileViewController.h; sourceTree = "<group>"; };
		24A048C01AA5808100611E72 /* ProfileViewController.m */ = {isa = PBXFileReference; fileEncoding = 4; lastKnownFileType = sourcecode.c.objc; name = ProfileViewController.m; path = ../ProfileViewController.m; sourceTree = "<group>"; };
		24A048C11AA5808100611E72 /* ProfileViewController.xib */ = {isa = PBXFileReference; fileEncoding = 4; lastKnownFileType = file.xib; name = ProfileViewController.xib; path = ../ProfileViewController.xib; sourceTree = "<group>"; };
		24A510591A9AB672001A9226 /* Twitter.app */ = {isa = PBXFileReference; explicitFileType = wrapper.application; includeInIndex = 0; path = Twitter.app; sourceTree = BUILT_PRODUCTS_DIR; };
		24A5105D1A9AB672001A9226 /* Info.plist */ = {isa = PBXFileReference; lastKnownFileType = text.plist.xml; path = Info.plist; sourceTree = "<group>"; };
		24A5105E1A9AB672001A9226 /* main.m */ = {isa = PBXFileReference; lastKnownFileType = sourcecode.c.objc; path = main.m; sourceTree = "<group>"; };
		24A510601A9AB672001A9226 /* AppDelegate.h */ = {isa = PBXFileReference; lastKnownFileType = sourcecode.c.h; path = AppDelegate.h; sourceTree = "<group>"; };
		24A510611A9AB672001A9226 /* AppDelegate.m */ = {isa = PBXFileReference; lastKnownFileType = sourcecode.c.objc; path = AppDelegate.m; sourceTree = "<group>"; };
		24A510691A9AB672001A9226 /* Images.xcassets */ = {isa = PBXFileReference; lastKnownFileType = folder.assetcatalog; path = Images.xcassets; sourceTree = "<group>"; };
		24A5106C1A9AB672001A9226 /* Base */ = {isa = PBXFileReference; lastKnownFileType = file.xib; name = Base; path = Base.lproj/LaunchScreen.xib; sourceTree = "<group>"; };
		24A510721A9AB672001A9226 /* TwitterTests.xctest */ = {isa = PBXFileReference; explicitFileType = wrapper.cfbundle; includeInIndex = 0; path = TwitterTests.xctest; sourceTree = BUILT_PRODUCTS_DIR; };
		24A510771A9AB672001A9226 /* Info.plist */ = {isa = PBXFileReference; lastKnownFileType = text.plist.xml; path = Info.plist; sourceTree = "<group>"; };
		24A510781A9AB672001A9226 /* TwitterTests.m */ = {isa = PBXFileReference; lastKnownFileType = sourcecode.c.objc; path = TwitterTests.m; sourceTree = "<group>"; };
		24CA36E41AA2E4FB00C47C05 /* MenuCell.h */ = {isa = PBXFileReference; fileEncoding = 4; lastKnownFileType = sourcecode.c.h; path = MenuCell.h; sourceTree = "<group>"; };
		24CA36E51AA2E4FB00C47C05 /* MenuCell.m */ = {isa = PBXFileReference; fileEncoding = 4; lastKnownFileType = sourcecode.c.objc; path = MenuCell.m; sourceTree = "<group>"; };
		24CA36E61AA2E4FB00C47C05 /* MenuCell.xib */ = {isa = PBXFileReference; fileEncoding = 4; lastKnownFileType = file.xib; path = MenuCell.xib; sourceTree = "<group>"; };
		24CA36EE1AA430C300C47C05 /* MainViewController.h */ = {isa = PBXFileReference; fileEncoding = 4; lastKnownFileType = sourcecode.c.h; path = MainViewController.h; sourceTree = "<group>"; };
		24CA36EF1AA430C300C47C05 /* MainViewController.m */ = {isa = PBXFileReference; fileEncoding = 4; lastKnownFileType = sourcecode.c.objc; path = MainViewController.m; sourceTree = "<group>"; };
		24CA36F01AA430C300C47C05 /* MainViewController.xib */ = {isa = PBXFileReference; fileEncoding = 4; lastKnownFileType = file.xib; path = MainViewController.xib; sourceTree = "<group>"; };
		24CA36F31AA451BC00C47C05 /* ProfileCell.h */ = {isa = PBXFileReference; fileEncoding = 4; lastKnownFileType = sourcecode.c.h; path = ProfileCell.h; sourceTree = "<group>"; };
		24CA36F41AA451BC00C47C05 /* ProfileCell.m */ = {isa = PBXFileReference; fileEncoding = 4; lastKnownFileType = sourcecode.c.objc; path = ProfileCell.m; sourceTree = "<group>"; };
		24CA36F51AA451BC00C47C05 /* ProfileCell.xib */ = {isa = PBXFileReference; fileEncoding = 4; lastKnownFileType = file.xib; path = ProfileCell.xib; sourceTree = "<group>"; };
		24E9A06E1A9AC48A0018E5FB /* Tweet.h */ = {isa = PBXFileReference; fileEncoding = 4; lastKnownFileType = sourcecode.c.h; path = Tweet.h; sourceTree = "<group>"; };
		24E9A06F1A9AC48A0018E5FB /* Tweet.m */ = {isa = PBXFileReference; fileEncoding = 4; lastKnownFileType = sourcecode.c.objc; path = Tweet.m; sourceTree = "<group>"; };
		24E9A0711A9AC4930018E5FB /* User.h */ = {isa = PBXFileReference; fileEncoding = 4; lastKnownFileType = sourcecode.c.h; path = User.h; sourceTree = "<group>"; };
		24E9A0721A9AC4930018E5FB /* User.m */ = {isa = PBXFileReference; fileEncoding = 4; lastKnownFileType = sourcecode.c.objc; path = User.m; sourceTree = "<group>"; };
		24E9A0741A9AE84D0018E5FB /* TweetViewController.h */ = {isa = PBXFileReference; fileEncoding = 4; lastKnownFileType = sourcecode.c.h; path = TweetViewController.h; sourceTree = "<group>"; };
		24E9A0751A9AE84D0018E5FB /* TweetViewController.m */ = {isa = PBXFileReference; fileEncoding = 4; lastKnownFileType = sourcecode.c.objc; lineEnding = 0; path = TweetViewController.m; sourceTree = "<group>"; usesTabs = 0; };
		24E9A0761A9AE84D0018E5FB /* TweetViewController.xib */ = {isa = PBXFileReference; fileEncoding = 4; lastKnownFileType = file.xib; path = TweetViewController.xib; sourceTree = "<group>"; };
		24E9A07A1A9AFEDF0018E5FB /* TweetCell.h */ = {isa = PBXFileReference; fileEncoding = 4; lastKnownFileType = sourcecode.c.h; path = TweetCell.h; sourceTree = "<group>"; };
		24E9A07B1A9AFEDF0018E5FB /* TweetCell.m */ = {isa = PBXFileReference; fileEncoding = 4; lastKnownFileType = sourcecode.c.objc; path = TweetCell.m; sourceTree = "<group>"; };
		24E9A07C1A9AFEDF0018E5FB /* TweetCell.xib */ = {isa = PBXFileReference; fileEncoding = 4; lastKnownFileType = file.xib; path = TweetCell.xib; sourceTree = "<group>"; };
		286DCF5AB4CBFB888FB8BB6B /* Pods.release.xcconfig */ = {isa = PBXFileReference; includeInIndex = 1; lastKnownFileType = text.xcconfig; name = Pods.release.xcconfig; path = "Pods/Target Support Files/Pods/Pods.release.xcconfig"; sourceTree = "<group>"; };
		8B94A9B758C1A5EE1773E8D5 /* Pods.debug.xcconfig */ = {isa = PBXFileReference; includeInIndex = 1; lastKnownFileType = text.xcconfig; name = Pods.debug.xcconfig; path = "Pods/Target Support Files/Pods/Pods.debug.xcconfig"; sourceTree = "<group>"; };
/* End PBXFileReference section */

/* Begin PBXFrameworksBuildPhase section */
		24A510561A9AB672001A9226 /* Frameworks */ = {
			isa = PBXFrameworksBuildPhase;
			buildActionMask = 2147483647;
			files = (
				866D315C1D4368BA9D20BC48 /* libPods.a in Frameworks */,
			);
			runOnlyForDeploymentPostprocessing = 0;
		};
		24A5106F1A9AB672001A9226 /* Frameworks */ = {
			isa = PBXFrameworksBuildPhase;
			buildActionMask = 2147483647;
			files = (
			);
			runOnlyForDeploymentPostprocessing = 0;
		};
/* End PBXFrameworksBuildPhase section */

/* Begin PBXGroup section */
		2423612C1A9C2BE7009AE8A6 /* Images */ = {
			isa = PBXGroup;
			children = (
				2423611C1A9C2BE0009AE8A6 /* favorite_hover.png */,
				2423611D1A9C2BE0009AE8A6 /* favorite_on.png */,
				2423611E1A9C2BE0009AE8A6 /* favorite.png */,
				2423611F1A9C2BE0009AE8A6 /* reply_hover.png */,
				242361201A9C2BE0009AE8A6 /* reply.png */,
				242361211A9C2BE0009AE8A6 /* retweet_hover.png */,
				242361221A9C2BE0009AE8A6 /* retweet_on.png */,
				242361231A9C2BE0009AE8A6 /* retweet.png */,
			);
			name = Images;
			sourceTree = "<group>";
		};
		24A510501A9AB672001A9226 = {
			isa = PBXGroup;
			children = (
				24233C1C1AA5B4EE009B7589 /* README_redux.md */,
				24A5105B1A9AB672001A9226 /* Twitter */,
				24A510751A9AB672001A9226 /* TwitterTests */,
				24A5105A1A9AB672001A9226 /* Products */,
				FC8FD507CCC850802EF8EF44 /* Pods */,
				5B6702783022256F1D4C5969 /* Frameworks */,
			);
			sourceTree = "<group>";
		};
		24A5105A1A9AB672001A9226 /* Products */ = {
			isa = PBXGroup;
			children = (
				24A510591A9AB672001A9226 /* Twitter.app */,
				24A510721A9AB672001A9226 /* TwitterTests.xctest */,
			);
			name = Products;
			sourceTree = "<group>";
		};
		24A5105B1A9AB672001A9226 /* Twitter */ = {
			isa = PBXGroup;
			children = (
				2423612C1A9C2BE7009AE8A6 /* Images */,
				24E9A06D1A9AC47B0018E5FB /* Models */,
				24A510601A9AB672001A9226 /* AppDelegate.h */,
				24A510611A9AB672001A9226 /* AppDelegate.m */,
				24A510691A9AB672001A9226 /* Images.xcassets */,
				24A5106B1A9AB672001A9226 /* LaunchScreen.xib */,
				24A5105C1A9AB672001A9226 /* Supporting Files */,
				24E9A0791A9AFEAB0018E5FB /* View Controllers */,
				249AFCF31A9AB7E600D0D354 /* TwitterClient.h */,
				249AFCF41A9AB7E600D0D354 /* TwitterClient.m */,
				24CA36E31AA2E4C600C47C05 /* Table View Cells */,
			);
			path = Twitter;
			sourceTree = "<group>";
		};
		24A5105C1A9AB672001A9226 /* Supporting Files */ = {
			isa = PBXGroup;
			children = (
				24A5105D1A9AB672001A9226 /* Info.plist */,
				24A5105E1A9AB672001A9226 /* main.m */,
			);
			name = "Supporting Files";
			sourceTree = "<group>";
		};
		24A510751A9AB672001A9226 /* TwitterTests */ = {
			isa = PBXGroup;
			children = (
				24A510781A9AB672001A9226 /* TwitterTests.m */,
				24A510761A9AB672001A9226 /* Supporting Files */,
			);
			path = TwitterTests;
			sourceTree = "<group>";
		};
		24A510761A9AB672001A9226 /* Supporting Files */ = {
			isa = PBXGroup;
			children = (
				24A510771A9AB672001A9226 /* Info.plist */,
			);
			name = "Supporting Files";
			sourceTree = "<group>";
		};
		24CA36E31AA2E4C600C47C05 /* Table View Cells */ = {
			isa = PBXGroup;
			children = (
				24E9A07A1A9AFEDF0018E5FB /* TweetCell.h */,
				24E9A07B1A9AFEDF0018E5FB /* TweetCell.m */,
				24E9A07C1A9AFEDF0018E5FB /* TweetCell.xib */,
				24CA36E41AA2E4FB00C47C05 /* MenuCell.h */,
				24CA36E51AA2E4FB00C47C05 /* MenuCell.m */,
				24CA36E61AA2E4FB00C47C05 /* MenuCell.xib */,
				24CA36F31AA451BC00C47C05 /* ProfileCell.h */,
				24CA36F41AA451BC00C47C05 /* ProfileCell.m */,
				24CA36F51AA451BC00C47C05 /* ProfileCell.xib */,
			);
			name = "Table View Cells";
			sourceTree = "<group>";
		};
		24E9A06D1A9AC47B0018E5FB /* Models */ = {
			isa = PBXGroup;
			children = (
				24E9A06E1A9AC48A0018E5FB /* Tweet.h */,
				24E9A06F1A9AC48A0018E5FB /* Tweet.m */,
				24E9A0711A9AC4930018E5FB /* User.h */,
				24E9A0721A9AC4930018E5FB /* User.m */,
			);
			name = Models;
			sourceTree = "<group>";
		};
		24E9A0791A9AFEAB0018E5FB /* View Controllers */ = {
			isa = PBXGroup;
			children = (
				2423612D1A9C2F28009AE8A6 /* SingleTweetViewController.h */,
				2423612E1A9C2F28009AE8A6 /* SingleTweetViewController.m */,
				2423612F1A9C2F28009AE8A6 /* SingleTweetViewController.xib */,
				249AFCEE1A9AB76300D0D354 /* LoginViewController.h */,
				249AFCEF1A9AB76300D0D354 /* LoginViewController.m */,
				249AFCF01A9AB76300D0D354 /* LoginViewController.xib */,
				24E9A0741A9AE84D0018E5FB /* TweetViewController.h */,
				24E9A0751A9AE84D0018E5FB /* TweetViewController.m */,
				24E9A0761A9AE84D0018E5FB /* TweetViewController.xib */,
				242361321A9C3572009AE8A6 /* composerViewController.h */,
				242361331A9C3572009AE8A6 /* composerViewController.m */,
				242361341A9C3572009AE8A6 /* composerViewController.xib */,
				24CA36EE1AA430C300C47C05 /* MainViewController.h */,
				24CA36EF1AA430C300C47C05 /* MainViewController.m */,
				24CA36F01AA430C300C47C05 /* MainViewController.xib */,
				24A048BF1AA5808100611E72 /* ProfileViewController.h */,
				24A048C01AA5808100611E72 /* ProfileViewController.m */,
				24A048C11AA5808100611E72 /* ProfileViewController.xib */,
				24233C171AA5AD28009B7589 /* MentionsViewController.h */,
				24233C181AA5AD28009B7589 /* MentionsViewController.m */,
				24233C191AA5AD28009B7589 /* MentionsViewController.xib */,
			);
			name = "View Controllers";
			sourceTree = "<group>";
		};
		5B6702783022256F1D4C5969 /* Frameworks */ = {
			isa = PBXGroup;
			children = (
				18E6F2A5741E23FB47D71C5B /* libPods.a */,
			);
			name = Frameworks;
			sourceTree = "<group>";
		};
		FC8FD507CCC850802EF8EF44 /* Pods */ = {
			isa = PBXGroup;
			children = (
				8B94A9B758C1A5EE1773E8D5 /* Pods.debug.xcconfig */,
				286DCF5AB4CBFB888FB8BB6B /* Pods.release.xcconfig */,
			);
			name = Pods;
			sourceTree = "<group>";
		};
/* End PBXGroup section */

/* Begin PBXNativeTarget section */
		24A510581A9AB672001A9226 /* Twitter */ = {
			isa = PBXNativeTarget;
			buildConfigurationList = 24A5107C1A9AB672001A9226 /* Build configuration list for PBXNativeTarget "Twitter" */;
			buildPhases = (
				90FF2AF2901CAAC43AF6E0E2 /* Check Pods Manifest.lock */,
				24A510551A9AB672001A9226 /* Sources */,
				24A510561A9AB672001A9226 /* Frameworks */,
				24A510571A9AB672001A9226 /* Resources */,
				2C2E47F82923E8CEDEB7643B /* Copy Pods Resources */,
			);
			buildRules = (
			);
			dependencies = (
			);
			name = Twitter;
			productName = Twitter;
			productReference = 24A510591A9AB672001A9226 /* Twitter.app */;
			productType = "com.apple.product-type.application";
		};
		24A510711A9AB672001A9226 /* TwitterTests */ = {
			isa = PBXNativeTarget;
			buildConfigurationList = 24A5107F1A9AB672001A9226 /* Build configuration list for PBXNativeTarget "TwitterTests" */;
			buildPhases = (
				24A5106E1A9AB672001A9226 /* Sources */,
				24A5106F1A9AB672001A9226 /* Frameworks */,
				24A510701A9AB672001A9226 /* Resources */,
			);
			buildRules = (
			);
			dependencies = (
				24A510741A9AB672001A9226 /* PBXTargetDependency */,
			);
			name = TwitterTests;
			productName = TwitterTests;
			productReference = 24A510721A9AB672001A9226 /* TwitterTests.xctest */;
			productType = "com.apple.product-type.bundle.unit-test";
		};
/* End PBXNativeTarget section */

/* Begin PBXProject section */
		24A510511A9AB672001A9226 /* Project object */ = {
			isa = PBXProject;
			attributes = {
				LastUpgradeCheck = 0610;
				ORGANIZATIONNAME = "Sean Dy";
				TargetAttributes = {
					24A510581A9AB672001A9226 = {
						CreatedOnToolsVersion = 6.1.1;
					};
					24A510711A9AB672001A9226 = {
						CreatedOnToolsVersion = 6.1.1;
						TestTargetID = 24A510581A9AB672001A9226;
					};
				};
			};
			buildConfigurationList = 24A510541A9AB672001A9226 /* Build configuration list for PBXProject "Twitter" */;
			compatibilityVersion = "Xcode 3.2";
			developmentRegion = English;
			hasScannedForEncodings = 0;
			knownRegions = (
				en,
				Base,
			);
			mainGroup = 24A510501A9AB672001A9226;
			productRefGroup = 24A5105A1A9AB672001A9226 /* Products */;
			projectDirPath = "";
			projectRoot = "";
			targets = (
				24A510581A9AB672001A9226 /* Twitter */,
				24A510711A9AB672001A9226 /* TwitterTests */,
			);
		};
/* End PBXProject section */

/* Begin PBXResourcesBuildPhase section */
		24A510571A9AB672001A9226 /* Resources */ = {
			isa = PBXResourcesBuildPhase;
			buildActionMask = 2147483647;
			files = (
				242361251A9C2BE0009AE8A6 /* favorite_on.png in Resources */,
				2423612A1A9C2BE0009AE8A6 /* retweet_on.png in Resources */,
				2423612B1A9C2BE0009AE8A6 /* retweet.png in Resources */,
				24E9A0781A9AE84D0018E5FB /* TweetViewController.xib in Resources */,
				24E9A07E1A9AFEDF0018E5FB /* TweetCell.xib in Resources */,
				242361271A9C2BE0009AE8A6 /* reply_hover.png in Resources */,
				242361241A9C2BE0009AE8A6 /* favorite_hover.png in Resources */,
				242361291A9C2BE0009AE8A6 /* retweet_hover.png in Resources */,
				242361361A9C3572009AE8A6 /* composerViewController.xib in Resources */,
				24CA36E81AA2E4FB00C47C05 /* MenuCell.xib in Resources */,
				24A5106D1A9AB672001A9226 /* LaunchScreen.xib in Resources */,
				24233C1B1AA5AD28009B7589 /* MentionsViewController.xib in Resources */,
				242361281A9C2BE0009AE8A6 /* reply.png in Resources */,
				24CA36F21AA430C300C47C05 /* MainViewController.xib in Resources */,
				24A5106A1A9AB672001A9226 /* Images.xcassets in Resources */,
				249AFCF21A9AB76300D0D354 /* LoginViewController.xib in Resources */,
				24CA36F71AA451BC00C47C05 /* ProfileCell.xib in Resources */,
				242361311A9C2F28009AE8A6 /* SingleTweetViewController.xib in Resources */,
				242361261A9C2BE0009AE8A6 /* favorite.png in Resources */,
				24A048C31AA5808100611E72 /* ProfileViewController.xib in Resources */,
			);
			runOnlyForDeploymentPostprocessing = 0;
		};
		24A510701A9AB672001A9226 /* Resources */ = {
			isa = PBXResourcesBuildPhase;
			buildActionMask = 2147483647;
			files = (
			);
			runOnlyForDeploymentPostprocessing = 0;
		};
/* End PBXResourcesBuildPhase section */

/* Begin PBXShellScriptBuildPhase section */
		2C2E47F82923E8CEDEB7643B /* Copy Pods Resources */ = {
			isa = PBXShellScriptBuildPhase;
			buildActionMask = 2147483647;
			files = (
			);
			inputPaths = (
			);
			name = "Copy Pods Resources";
			outputPaths = (
			);
			runOnlyForDeploymentPostprocessing = 0;
			shellPath = /bin/sh;
			shellScript = "\"${SRCROOT}/Pods/Target Support Files/Pods/Pods-resources.sh\"\n";
			showEnvVarsInLog = 0;
		};
		90FF2AF2901CAAC43AF6E0E2 /* Check Pods Manifest.lock */ = {
			isa = PBXShellScriptBuildPhase;
			buildActionMask = 2147483647;
			files = (
			);
			inputPaths = (
			);
			name = "Check Pods Manifest.lock";
			outputPaths = (
			);
			runOnlyForDeploymentPostprocessing = 0;
			shellPath = /bin/sh;
			shellScript = "diff \"${PODS_ROOT}/../Podfile.lock\" \"${PODS_ROOT}/Manifest.lock\" > /dev/null\nif [[ $? != 0 ]] ; then\n    cat << EOM\nerror: The sandbox is not in sync with the Podfile.lock. Run 'pod install' or update your CocoaPods installation.\nEOM\n    exit 1\nfi\n";
			showEnvVarsInLog = 0;
		};
/* End PBXShellScriptBuildPhase section */

/* Begin PBXSourcesBuildPhase section */
		24A510551A9AB672001A9226 /* Sources */ = {
			isa = PBXSourcesBuildPhase;
			buildActionMask = 2147483647;
			files = (
				24E9A0771A9AE84D0018E5FB /* TweetViewController.m in Sources */,
				249AFCF51A9AB7E600D0D354 /* TwitterClient.m in Sources */,
				24CA36E71AA2E4FB00C47C05 /* MenuCell.m in Sources */,
				24233C1D1AA5B4EE009B7589 /* README_redux.md in Sources */,
				24A510621A9AB672001A9226 /* AppDelegate.m in Sources */,
				24A048C21AA5808100611E72 /* ProfileViewController.m in Sources */,
				24CA36F11AA430C300C47C05 /* MainViewController.m in Sources */,
				24E9A0731A9AC4930018E5FB /* User.m in Sources */,
				24E9A0701A9AC48A0018E5FB /* Tweet.m in Sources */,
				24A5105F1A9AB672001A9226 /* main.m in Sources */,
				24233C1A1AA5AD28009B7589 /* MentionsViewController.m in Sources */,
				242361351A9C3572009AE8A6 /* composerViewController.m in Sources */,
				24CA36F61AA451BC00C47C05 /* ProfileCell.m in Sources */,
				249AFCF11A9AB76300D0D354 /* LoginViewController.m in Sources */,
				24E9A07D1A9AFEDF0018E5FB /* TweetCell.m in Sources */,
				242361301A9C2F28009AE8A6 /* SingleTweetViewController.m in Sources */,
			);
			runOnlyForDeploymentPostprocessing = 0;
		};
		24A5106E1A9AB672001A9226 /* Sources */ = {
			isa = PBXSourcesBuildPhase;
			buildActionMask = 2147483647;
			files = (
				24A510791A9AB672001A9226 /* TwitterTests.m in Sources */,
			);
			runOnlyForDeploymentPostprocessing = 0;
		};
/* End PBXSourcesBuildPhase section */

/* Begin PBXTargetDependency section */
		24A510741A9AB672001A9226 /* PBXTargetDependency */ = {
			isa = PBXTargetDependency;
			target = 24A510581A9AB672001A9226 /* Twitter */;
			targetProxy = 24A510731A9AB672001A9226 /* PBXContainerItemProxy */;
		};
/* End PBXTargetDependency section */

/* Begin PBXVariantGroup section */
		24A5106B1A9AB672001A9226 /* LaunchScreen.xib */ = {
			isa = PBXVariantGroup;
			children = (
				24A5106C1A9AB672001A9226 /* Base */,
			);
			name = LaunchScreen.xib;
			sourceTree = "<group>";
		};
/* End PBXVariantGroup section */

/* Begin XCBuildConfiguration section */
		24A5107A1A9AB672001A9226 /* Debug */ = {
			isa = XCBuildConfiguration;
			buildSettings = {
				ALWAYS_SEARCH_USER_PATHS = NO;
				CLANG_CXX_LANGUAGE_STANDARD = "gnu++0x";
				CLANG_CXX_LIBRARY = "libc++";
				CLANG_ENABLE_MODULES = YES;
				CLANG_ENABLE_OBJC_ARC = YES;
				CLANG_WARN_BOOL_CONVERSION = YES;
				CLANG_WARN_CONSTANT_CONVERSION = YES;
				CLANG_WARN_DIRECT_OBJC_ISA_USAGE = YES_ERROR;
				CLANG_WARN_EMPTY_BODY = YES;
				CLANG_WARN_ENUM_CONVERSION = YES;
				CLANG_WARN_INT_CONVERSION = YES;
				CLANG_WARN_OBJC_ROOT_CLASS = YES_ERROR;
				CLANG_WARN_UNREACHABLE_CODE = YES;
				CLANG_WARN__DUPLICATE_METHOD_MATCH = YES;
				"CODE_SIGN_IDENTITY[sdk=iphoneos*]" = "iPhone Developer";
				COPY_PHASE_STRIP = NO;
				ENABLE_STRICT_OBJC_MSGSEND = YES;
				GCC_C_LANGUAGE_STANDARD = gnu99;
				GCC_DYNAMIC_NO_PIC = NO;
				GCC_OPTIMIZATION_LEVEL = 0;
				GCC_PREPROCESSOR_DEFINITIONS = (
					"DEBUG=1",
					"$(inherited)",
				);
				GCC_SYMBOLS_PRIVATE_EXTERN = NO;
				GCC_WARN_64_TO_32_BIT_CONVERSION = YES;
				GCC_WARN_ABOUT_RETURN_TYPE = YES_ERROR;
				GCC_WARN_UNDECLARED_SELECTOR = YES;
				GCC_WARN_UNINITIALIZED_AUTOS = YES_AGGRESSIVE;
				GCC_WARN_UNUSED_FUNCTION = YES;
				GCC_WARN_UNUSED_VARIABLE = YES;
				IPHONEOS_DEPLOYMENT_TARGET = 8.1;
				MTL_ENABLE_DEBUG_INFO = YES;
				ONLY_ACTIVE_ARCH = YES;
				SDKROOT = iphoneos;
			};
			name = Debug;
		};
		24A5107B1A9AB672001A9226 /* Release */ = {
			isa = XCBuildConfiguration;
			buildSettings = {
				ALWAYS_SEARCH_USER_PATHS = NO;
				CLANG_CXX_LANGUAGE_STANDARD = "gnu++0x";
				CLANG_CXX_LIBRARY = "libc++";
				CLANG_ENABLE_MODULES = YES;
				CLANG_ENABLE_OBJC_ARC = YES;
				CLANG_WARN_BOOL_CONVERSION = YES;
				CLANG_WARN_CONSTANT_CONVERSION = YES;
				CLANG_WARN_DIRECT_OBJC_ISA_USAGE = YES_ERROR;
				CLANG_WARN_EMPTY_BODY = YES;
				CLANG_WARN_ENUM_CONVERSION = YES;
				CLANG_WARN_INT_CONVERSION = YES;
				CLANG_WARN_OBJC_ROOT_CLASS = YES_ERROR;
				CLANG_WARN_UNREACHABLE_CODE = YES;
				CLANG_WARN__DUPLICATE_METHOD_MATCH = YES;
				"CODE_SIGN_IDENTITY[sdk=iphoneos*]" = "iPhone Developer";
				COPY_PHASE_STRIP = YES;
				ENABLE_NS_ASSERTIONS = NO;
				ENABLE_STRICT_OBJC_MSGSEND = YES;
				GCC_C_LANGUAGE_STANDARD = gnu99;
				GCC_WARN_64_TO_32_BIT_CONVERSION = YES;
				GCC_WARN_ABOUT_RETURN_TYPE = YES_ERROR;
				GCC_WARN_UNDECLARED_SELECTOR = YES;
				GCC_WARN_UNINITIALIZED_AUTOS = YES_AGGRESSIVE;
				GCC_WARN_UNUSED_FUNCTION = YES;
				GCC_WARN_UNUSED_VARIABLE = YES;
				IPHONEOS_DEPLOYMENT_TARGET = 8.1;
				MTL_ENABLE_DEBUG_INFO = NO;
				SDKROOT = iphoneos;
				VALIDATE_PRODUCT = YES;
			};
			name = Release;
		};
		24A5107D1A9AB672001A9226 /* Debug */ = {
			isa = XCBuildConfiguration;
			baseConfigurationReference = 8B94A9B758C1A5EE1773E8D5 /* Pods.debug.xcconfig */;
			buildSettings = {
				ASSETCATALOG_COMPILER_APPICON_NAME = AppIcon;
				INFOPLIST_FILE = Twitter/Info.plist;
				IPHONEOS_DEPLOYMENT_TARGET = 8.0;
				LD_RUNPATH_SEARCH_PATHS = "$(inherited) @executable_path/Frameworks";
				PRODUCT_NAME = "$(TARGET_NAME)";
				TARGETED_DEVICE_FAMILY = 1;
			};
			name = Debug;
		};
		24A5107E1A9AB672001A9226 /* Release */ = {
			isa = XCBuildConfiguration;
			baseConfigurationReference = 286DCF5AB4CBFB888FB8BB6B /* Pods.release.xcconfig */;
			buildSettings = {
				ASSETCATALOG_COMPILER_APPICON_NAME = AppIcon;
				INFOPLIST_FILE = Twitter/Info.plist;
				IPHONEOS_DEPLOYMENT_TARGET = 8.0;
				LD_RUNPATH_SEARCH_PATHS = "$(inherited) @executable_path/Frameworks";
				PRODUCT_NAME = "$(TARGET_NAME)";
				TARGETED_DEVICE_FAMILY = 1;
			};
			name = Release;
		};
		24A510801A9AB672001A9226 /* Debug */ = {
			isa = XCBuildConfiguration;
			buildSettings = {
				BUNDLE_LOADER = "$(TEST_HOST)";
				FRAMEWORK_SEARCH_PATHS = (
					"$(SDKROOT)/Developer/Library/Frameworks",
					"$(inherited)",
				);
				GCC_PREPROCESSOR_DEFINITIONS = (
					"DEBUG=1",
					"$(inherited)",
				);
				INFOPLIST_FILE = TwitterTests/Info.plist;
				LD_RUNPATH_SEARCH_PATHS = "$(inherited) @executable_path/Frameworks @loader_path/Frameworks";
				PRODUCT_NAME = "$(TARGET_NAME)";
				TEST_HOST = "$(BUILT_PRODUCTS_DIR)/Twitter.app/Twitter";
			};
			name = Debug;
		};
		24A510811A9AB672001A9226 /* Release */ = {
			isa = XCBuildConfiguration;
			buildSettings = {
				BUNDLE_LOADER = "$(TEST_HOST)";
				FRAMEWORK_SEARCH_PATHS = (
					"$(SDKROOT)/Developer/Library/Frameworks",
					"$(inherited)",
				);
				INFOPLIST_FILE = TwitterTests/Info.plist;
				LD_RUNPATH_SEARCH_PATHS = "$(inherited) @executable_path/Frameworks @loader_path/Frameworks";
				PRODUCT_NAME = "$(TARGET_NAME)";
				TEST_HOST = "$(BUILT_PRODUCTS_DIR)/Twitter.app/Twitter";
			};
			name = Release;
		};
/* End XCBuildConfiguration section */

/* Begin XCConfigurationList section */
		24A510541A9AB672001A9226 /* Build configuration list for PBXProject "Twitter" */ = {
			isa = XCConfigurationList;
			buildConfigurations = (
				24A5107A1A9AB672001A9226 /* Debug */,
				24A5107B1A9AB672001A9226 /* Release */,
			);
			defaultConfigurationIsVisible = 0;
			defaultConfigurationName = Release;
		};
		24A5107C1A9AB672001A9226 /* Build configuration list for PBXNativeTarget "Twitter" */ = {
			isa = XCConfigurationList;
			buildConfigurations = (
				24A5107D1A9AB672001A9226 /* Debug */,
				24A5107E1A9AB672001A9226 /* Release */,
			);
			defaultConfigurationIsVisible = 0;
			defaultConfigurationName = Release;
		};
		24A5107F1A9AB672001A9226 /* Build configuration list for PBXNativeTarget "TwitterTests" */ = {
			isa = XCConfigurationList;
			buildConfigurations = (
				24A510801A9AB672001A9226 /* Debug */,
				24A510811A9AB672001A9226 /* Release */,
			);
			defaultConfigurationIsVisible = 0;
			defaultConfigurationName = Release;
		};
/* End XCConfigurationList section */
	};
	rootObject = 24A510511A9AB672001A9226 /* Project object */;
}
